// !$*UTF8*$!
{
	archiveVersion = 1;
	classes = {
	};
	objectVersion = 56;
	objects = {

/* Begin PBXBuildFile section */
		431832DF2BB1F03500F6D269 /* AdaptiveUI.swift in Sources */ = {isa = PBXBuildFile; fileRef = 431832DE2BB1F03500F6D269 /* AdaptiveUI.swift */; };
		436143632BB09D9100020B77 /* Extension.swift in Sources */ = {isa = PBXBuildFile; fileRef = 436143622BB09D9100020B77 /* Extension.swift */; };
		436143652BB09EDE00020B77 /* ViewModel.swift in Sources */ = {isa = PBXBuildFile; fileRef = 436143642BB09EDE00020B77 /* ViewModel.swift */; };
		43C28DA62BB3387200702E09 /* EngineerView.swift in Sources */ = {isa = PBXBuildFile; fileRef = 43C28DA52BB3387200702E09 /* EngineerView.swift */; };
		43F1ADA32BAEE4FE005C1E29 /* CalculatorAppApp.swift in Sources */ = {isa = PBXBuildFile; fileRef = 43F1ADA22BAEE4FE005C1E29 /* CalculatorAppApp.swift */; };
		43F1ADA72BAEE4FF005C1E29 /* Assets.xcassets in Resources */ = {isa = PBXBuildFile; fileRef = 43F1ADA62BAEE4FF005C1E29 /* Assets.xcassets */; };
		43F1ADAA2BAEE4FF005C1E29 /* Preview Assets.xcassets in Resources */ = {isa = PBXBuildFile; fileRef = 43F1ADA92BAEE4FF005C1E29 /* Preview Assets.xcassets */; };
		43F1ADB42BAEE5A8005C1E29 /* MainView.swift in Sources */ = {isa = PBXBuildFile; fileRef = 43F1ADB32BAEE5A8005C1E29 /* MainView.swift */; };
		43F1ADB62BAEE602005C1E29 /* Model.swift in Sources */ = {isa = PBXBuildFile; fileRef = 43F1ADB52BAEE602005C1E29 /* Model.swift */; };
/* End PBXBuildFile section */

/* Begin PBXFileReference section */
		431832DE2BB1F03500F6D269 /* AdaptiveUI.swift */ = {isa = PBXFileReference; lastKnownFileType = sourcecode.swift; path = AdaptiveUI.swift; sourceTree = "<group>"; };
		436143622BB09D9100020B77 /* Extension.swift */ = {isa = PBXFileReference; lastKnownFileType = sourcecode.swift; path = Extension.swift; sourceTree = "<group>"; };
		436143642BB09EDE00020B77 /* ViewModel.swift */ = {isa = PBXFileReference; lastKnownFileType = sourcecode.swift; path = ViewModel.swift; sourceTree = "<group>"; };
		43C28DA52BB3387200702E09 /* EngineerView.swift */ = {isa = PBXFileReference; lastKnownFileType = sourcecode.swift; path = EngineerView.swift; sourceTree = "<group>"; };
		43F1AD9F2BAEE4FE005C1E29 /* CalculatorApp.app */ = {isa = PBXFileReference; explicitFileType = wrapper.application; includeInIndex = 0; path = CalculatorApp.app; sourceTree = BUILT_PRODUCTS_DIR; };
		43F1ADA22BAEE4FE005C1E29 /* CalculatorAppApp.swift */ = {isa = PBXFileReference; lastKnownFileType = sourcecode.swift; path = CalculatorAppApp.swift; sourceTree = "<group>"; };
		43F1ADA62BAEE4FF005C1E29 /* Assets.xcassets */ = {isa = PBXFileReference; lastKnownFileType = folder.assetcatalog; path = Assets.xcassets; sourceTree = "<group>"; };
		43F1ADA92BAEE4FF005C1E29 /* Preview Assets.xcassets */ = {isa = PBXFileReference; lastKnownFileType = folder.assetcatalog; path = "Preview Assets.xcassets"; sourceTree = "<group>"; };
		43F1ADB32BAEE5A8005C1E29 /* MainView.swift */ = {isa = PBXFileReference; lastKnownFileType = sourcecode.swift; path = MainView.swift; sourceTree = "<group>"; };
		43F1ADB52BAEE602005C1E29 /* Model.swift */ = {isa = PBXFileReference; lastKnownFileType = sourcecode.swift; path = Model.swift; sourceTree = "<group>"; };
/* End PBXFileReference section */

/* Begin PBXFrameworksBuildPhase section */
		43F1AD9C2BAEE4FE005C1E29 /* Frameworks */ = {
			isa = PBXFrameworksBuildPhase;
			buildActionMask = 2147483647;
			files = (
			);
			runOnlyForDeploymentPostprocessing = 0;
		};
/* End PBXFrameworksBuildPhase section */

/* Begin PBXGroup section */
		436143602BB09D7700020B77 /* Extension */ = {
			isa = PBXGroup;
			children = (
				436143622BB09D9100020B77 /* Extension.swift */,
			);
			path = Extension;
			sourceTree = "<group>";
		};
		43F1AD962BAEE4FE005C1E29 = {
			isa = PBXGroup;
			children = (
				43F1ADA12BAEE4FE005C1E29 /* CalculatorApp */,
				43F1ADA02BAEE4FE005C1E29 /* Products */,
			);
			sourceTree = "<group>";
		};
		43F1ADA02BAEE4FE005C1E29 /* Products */ = {
			isa = PBXGroup;
			children = (
				43F1AD9F2BAEE4FE005C1E29 /* CalculatorApp.app */,
			);
			name = Products;
			sourceTree = "<group>";
		};
		43F1ADA12BAEE4FE005C1E29 /* CalculatorApp */ = {
			isa = PBXGroup;
			children = (
				43F1ADA22BAEE4FE005C1E29 /* CalculatorAppApp.swift */,
				43F1ADB22BAEE55D005C1E29 /* Views */,
				43F1ADB12BAEE52A005C1E29 /* ViewModel */,
				43F1ADB02BAEE513005C1E29 /* Model */,
				436143602BB09D7700020B77 /* Extension */,
				43F1ADA62BAEE4FF005C1E29 /* Assets.xcassets */,
				43F1ADA82BAEE4FF005C1E29 /* Preview Content */,
			);
			path = CalculatorApp;
			sourceTree = "<group>";
		};
		43F1ADA82BAEE4FF005C1E29 /* Preview Content */ = {
			isa = PBXGroup;
			children = (
				43F1ADA92BAEE4FF005C1E29 /* Preview Assets.xcassets */,
			);
			path = "Preview Content";
			sourceTree = "<group>";
		};
		43F1ADB02BAEE513005C1E29 /* Model */ = {
			isa = PBXGroup;
			children = (
				43F1ADB52BAEE602005C1E29 /* Model.swift */,
			);
			path = Model;
			sourceTree = "<group>";
		};
		43F1ADB12BAEE52A005C1E29 /* ViewModel */ = {
			isa = PBXGroup;
			children = (
				436143642BB09EDE00020B77 /* ViewModel.swift */,
			);
			path = ViewModel;
			sourceTree = "<group>";
		};
		43F1ADB22BAEE55D005C1E29 /* Views */ = {
			isa = PBXGroup;
			children = (
				43F1ADB32BAEE5A8005C1E29 /* MainView.swift */,
				431832DE2BB1F03500F6D269 /* AdaptiveUI.swift */,
				43C28DA52BB3387200702E09 /* EngineerView.swift */,
			);
			path = Views;
			sourceTree = "<group>";
		};
/* End PBXGroup section */

/* Begin PBXNativeTarget section */
		43F1AD9E2BAEE4FE005C1E29 /* CalculatorApp */ = {
			isa = PBXNativeTarget;
			buildConfigurationList = 43F1ADAD2BAEE4FF005C1E29 /* Build configuration list for PBXNativeTarget "CalculatorApp" */;
			buildPhases = (
				43F1AD9B2BAEE4FE005C1E29 /* Sources */,
				43F1AD9C2BAEE4FE005C1E29 /* Frameworks */,
				43F1AD9D2BAEE4FE005C1E29 /* Resources */,
			);
			buildRules = (
			);
			dependencies = (
			);
			name = CalculatorApp;
			productName = CalculatorApp;
			productReference = 43F1AD9F2BAEE4FE005C1E29 /* CalculatorApp.app */;
			productType = "com.apple.product-type.application";
		};
/* End PBXNativeTarget section */

/* Begin PBXProject section */
		43F1AD972BAEE4FE005C1E29 /* Project object */ = {
			isa = PBXProject;
			attributes = {
				BuildIndependentTargetsInParallel = 1;
				LastSwiftUpdateCheck = 1520;
				LastUpgradeCheck = 1520;
				TargetAttributes = {
					43F1AD9E2BAEE4FE005C1E29 = {
						CreatedOnToolsVersion = 15.2;
					};
				};
			};
			buildConfigurationList = 43F1AD9A2BAEE4FE005C1E29 /* Build configuration list for PBXProject "CalculatorApp" */;
			compatibilityVersion = "Xcode 14.0";
			developmentRegion = en;
			hasScannedForEncodings = 0;
			knownRegions = (
				en,
				Base,
			);
			mainGroup = 43F1AD962BAEE4FE005C1E29;
			productRefGroup = 43F1ADA02BAEE4FE005C1E29 /* Products */;
			projectDirPath = "";
			projectRoot = "";
			targets = (
				43F1AD9E2BAEE4FE005C1E29 /* CalculatorApp */,
			);
		};
/* End PBXProject section */

/* Begin PBXResourcesBuildPhase section */
		43F1AD9D2BAEE4FE005C1E29 /* Resources */ = {
			isa = PBXResourcesBuildPhase;
			buildActionMask = 2147483647;
			files = (
				43F1ADAA2BAEE4FF005C1E29 /* Preview Assets.xcassets in Resources */,
				43F1ADA72BAEE4FF005C1E29 /* Assets.xcassets in Resources */,
			);
			runOnlyForDeploymentPostprocessing = 0;
		};
/* End PBXResourcesBuildPhase section */

/* Begin PBXSourcesBuildPhase section */
		43F1AD9B2BAEE4FE005C1E29 /* Sources */ = {
			isa = PBXSourcesBuildPhase;
			buildActionMask = 2147483647;
			files = (
				436143652BB09EDE00020B77 /* ViewModel.swift in Sources */,
				431832DF2BB1F03500F6D269 /* AdaptiveUI.swift in Sources */,
				43F1ADB62BAEE602005C1E29 /* Model.swift in Sources */,
				43F1ADB42BAEE5A8005C1E29 /* MainView.swift in Sources */,
				43F1ADA32BAEE4FE005C1E29 /* CalculatorAppApp.swift in Sources */,
				43C28DA62BB3387200702E09 /* EngineerView.swift in Sources */,
				436143632BB09D9100020B77 /* Extension.swift in Sources */,
			);
			runOnlyForDeploymentPostprocessing = 0;
		};
/* End PBXSourcesBuildPhase section */

/* Begin XCBuildConfiguration section */
		43F1ADAB2BAEE4FF005C1E29 /* Debug */ = {
			isa = XCBuildConfiguration;
			buildSettings = {
				ALWAYS_SEARCH_USER_PATHS = NO;
				ASSETCATALOG_COMPILER_GENERATE_SWIFT_ASSET_SYMBOL_EXTENSIONS = YES;
				CLANG_ANALYZER_NONNULL = YES;
				CLANG_ANALYZER_NUMBER_OBJECT_CONVERSION = YES_AGGRESSIVE;
				CLANG_CXX_LANGUAGE_STANDARD = "gnu++20";
				CLANG_ENABLE_MODULES = YES;
				CLANG_ENABLE_OBJC_ARC = YES;
				CLANG_ENABLE_OBJC_WEAK = YES;
				CLANG_WARN_BLOCK_CAPTURE_AUTORELEASING = YES;
				CLANG_WARN_BOOL_CONVERSION = YES;
				CLANG_WARN_COMMA = YES;
				CLANG_WARN_CONSTANT_CONVERSION = YES;
				CLANG_WARN_DEPRECATED_OBJC_IMPLEMENTATIONS = YES;
				CLANG_WARN_DIRECT_OBJC_ISA_USAGE = YES_ERROR;
				CLANG_WARN_DOCUMENTATION_COMMENTS = YES;
				CLANG_WARN_EMPTY_BODY = YES;
				CLANG_WARN_ENUM_CONVERSION = YES;
				CLANG_WARN_INFINITE_RECURSION = YES;
				CLANG_WARN_INT_CONVERSION = YES;
				CLANG_WARN_NON_LITERAL_NULL_CONVERSION = YES;
				CLANG_WARN_OBJC_IMPLICIT_RETAIN_SELF = YES;
				CLANG_WARN_OBJC_LITERAL_CONVERSION = YES;
				CLANG_WARN_OBJC_ROOT_CLASS = YES_ERROR;
				CLANG_WARN_QUOTED_INCLUDE_IN_FRAMEWORK_HEADER = YES;
				CLANG_WARN_RANGE_LOOP_ANALYSIS = YES;
				CLANG_WARN_STRICT_PROTOTYPES = YES;
				CLANG_WARN_SUSPICIOUS_MOVE = YES;
				CLANG_WARN_UNGUARDED_AVAILABILITY = YES_AGGRESSIVE;
				CLANG_WARN_UNREACHABLE_CODE = YES;
				CLANG_WARN__DUPLICATE_METHOD_MATCH = YES;
				COPY_PHASE_STRIP = NO;
				DEBUG_INFORMATION_FORMAT = dwarf;
				ENABLE_STRICT_OBJC_MSGSEND = YES;
				ENABLE_TESTABILITY = YES;
				ENABLE_USER_SCRIPT_SANDBOXING = YES;
				GCC_C_LANGUAGE_STANDARD = gnu17;
				GCC_DYNAMIC_NO_PIC = NO;
				GCC_NO_COMMON_BLOCKS = YES;
				GCC_OPTIMIZATION_LEVEL = 0;
				GCC_PREPROCESSOR_DEFINITIONS = (
					"DEBUG=1",
					"$(inherited)",
				);
				GCC_WARN_64_TO_32_BIT_CONVERSION = YES;
				GCC_WARN_ABOUT_RETURN_TYPE = YES_ERROR;
				GCC_WARN_UNDECLARED_SELECTOR = YES;
				GCC_WARN_UNINITIALIZED_AUTOS = YES_AGGRESSIVE;
				GCC_WARN_UNUSED_FUNCTION = YES;
				GCC_WARN_UNUSED_VARIABLE = YES;
				IPHONEOS_DEPLOYMENT_TARGET = 17.2;
				LOCALIZATION_PREFERS_STRING_CATALOGS = YES;
				MTL_ENABLE_DEBUG_INFO = INCLUDE_SOURCE;
				MTL_FAST_MATH = YES;
				ONLY_ACTIVE_ARCH = YES;
				SDKROOT = iphoneos;
				SWIFT_ACTIVE_COMPILATION_CONDITIONS = "DEBUG $(inherited)";
				SWIFT_OPTIMIZATION_LEVEL = "-Onone";
			};
			name = Debug;
		};
		43F1ADAC2BAEE4FF005C1E29 /* Release */ = {
			isa = XCBuildConfiguration;
			buildSettings = {
				ALWAYS_SEARCH_USER_PATHS = NO;
				ASSETCATALOG_COMPILER_GENERATE_SWIFT_ASSET_SYMBOL_EXTENSIONS = YES;
				CLANG_ANALYZER_NONNULL = YES;
				CLANG_ANALYZER_NUMBER_OBJECT_CONVERSION = YES_AGGRESSIVE;
				CLANG_CXX_LANGUAGE_STANDARD = "gnu++20";
				CLANG_ENABLE_MODULES = YES;
				CLANG_ENABLE_OBJC_ARC = YES;
				CLANG_ENABLE_OBJC_WEAK = YES;
				CLANG_WARN_BLOCK_CAPTURE_AUTORELEASING = YES;
				CLANG_WARN_BOOL_CONVERSION = YES;
				CLANG_WARN_COMMA = YES;
				CLANG_WARN_CONSTANT_CONVERSION = YES;
				CLANG_WARN_DEPRECATED_OBJC_IMPLEMENTATIONS = YES;
				CLANG_WARN_DIRECT_OBJC_ISA_USAGE = YES_ERROR;
				CLANG_WARN_DOCUMENTATION_COMMENTS = YES;
				CLANG_WARN_EMPTY_BODY = YES;
				CLANG_WARN_ENUM_CONVERSION = YES;
				CLANG_WARN_INFINITE_RECURSION = YES;
				CLANG_WARN_INT_CONVERSION = YES;
				CLANG_WARN_NON_LITERAL_NULL_CONVERSION = YES;
				CLANG_WARN_OBJC_IMPLICIT_RETAIN_SELF = YES;
				CLANG_WARN_OBJC_LITERAL_CONVERSION = YES;
				CLANG_WARN_OBJC_ROOT_CLASS = YES_ERROR;
				CLANG_WARN_QUOTED_INCLUDE_IN_FRAMEWORK_HEADER = YES;
				CLANG_WARN_RANGE_LOOP_ANALYSIS = YES;
				CLANG_WARN_STRICT_PROTOTYPES = YES;
				CLANG_WARN_SUSPICIOUS_MOVE = YES;
				CLANG_WARN_UNGUARDED_AVAILABILITY = YES_AGGRESSIVE;
				CLANG_WARN_UNREACHABLE_CODE = YES;
				CLANG_WARN__DUPLICATE_METHOD_MATCH = YES;
				COPY_PHASE_STRIP = NO;
				DEBUG_INFORMATION_FORMAT = "dwarf-with-dsym";
				ENABLE_NS_ASSERTIONS = NO;
				ENABLE_STRICT_OBJC_MSGSEND = YES;
				ENABLE_USER_SCRIPT_SANDBOXING = YES;
				GCC_C_LANGUAGE_STANDARD = gnu17;
				GCC_NO_COMMON_BLOCKS = YES;
				GCC_WARN_64_TO_32_BIT_CONVERSION = YES;
				GCC_WARN_ABOUT_RETURN_TYPE = YES_ERROR;
				GCC_WARN_UNDECLARED_SELECTOR = YES;
				GCC_WARN_UNINITIALIZED_AUTOS = YES_AGGRESSIVE;
				GCC_WARN_UNUSED_FUNCTION = YES;
				GCC_WARN_UNUSED_VARIABLE = YES;
				IPHONEOS_DEPLOYMENT_TARGET = 17.2;
				LOCALIZATION_PREFERS_STRING_CATALOGS = YES;
				MTL_ENABLE_DEBUG_INFO = NO;
				MTL_FAST_MATH = YES;
				SDKROOT = iphoneos;
				SWIFT_COMPILATION_MODE = wholemodule;
				VALIDATE_PRODUCT = YES;
			};
			name = Release;
		};
		43F1ADAE2BAEE4FF005C1E29 /* Debug */ = {
			isa = XCBuildConfiguration;
			buildSettings = {
				ASSETCATALOG_COMPILER_APPICON_NAME = AppIcon;
				ASSETCATALOG_COMPILER_GLOBAL_ACCENT_COLOR_NAME = AccentColor;
				CODE_SIGN_STYLE = Automatic;
				CURRENT_PROJECT_VERSION = 1;
				DEVELOPMENT_ASSET_PATHS = "\"CalculatorApp/Preview Content\"";
				ENABLE_PREVIEWS = YES;
				GENERATE_INFOPLIST_FILE = YES;
				INFOPLIST_KEY_UIApplicationSceneManifest_Generation = YES;
				INFOPLIST_KEY_UIApplicationSupportsIndirectInputEvents = YES;
				INFOPLIST_KEY_UILaunchScreen_Generation = YES;
				INFOPLIST_KEY_UISupportedInterfaceOrientations_iPad = "UIInterfaceOrientationPortrait UIInterfaceOrientationPortraitUpsideDown UIInterfaceOrientationLandscapeLeft UIInterfaceOrientationLandscapeRight";
				INFOPLIST_KEY_UISupportedInterfaceOrientations_iPhone = "UIInterfaceOrientationPortrait UIInterfaceOrientationLandscapeLeft UIInterfaceOrientationLandscapeRight";
				LD_RUNPATH_SEARCH_PATHS = (
					"$(inherited)",
					"@executable_path/Frameworks",
				);
				MARKETING_VERSION = 1.0;
				PRODUCT_BUNDLE_IDENTIFIER = increase.CalculatorApp;
				PRODUCT_NAME = "$(TARGET_NAME)";
				SWIFT_EMIT_LOC_STRINGS = YES;
				SWIFT_VERSION = 5.0;
				TARGETED_DEVICE_FAMILY = "1,2";
			};
			name = Debug;
		};
		43F1ADAF2BAEE4FF005C1E29 /* Release */ = {
			isa = XCBuildConfiguration;
			buildSettings = {
				ASSETCATALOG_COMPILER_APPICON_NAME = AppIcon;
				ASSETCATALOG_COMPILER_GLOBAL_ACCENT_COLOR_NAME = AccentColor;
				CODE_SIGN_STYLE = Automatic;
				CURRENT_PROJECT_VERSION = 1;
				DEVELOPMENT_ASSET_PATHS = "\"CalculatorApp/Preview Content\"";
				ENABLE_PREVIEWS = YES;
				GENERATE_INFOPLIST_FILE = YES;
				INFOPLIST_KEY_UIApplicationSceneManifest_Generation = YES;
				INFOPLIST_KEY_UIApplicationSupportsIndirectInputEvents = YES;
				INFOPLIST_KEY_UILaunchScreen_Generation = YES;
				INFOPLIST_KEY_UISupportedInterfaceOrientations_iPad = "UIInterfaceOrientationPortrait UIInterfaceOrientationPortraitUpsideDown UIInterfaceOrientationLandscapeLeft UIInterfaceOrientationLandscapeRight";
				INFOPLIST_KEY_UISupportedInterfaceOrientations_iPhone = "UIInterfaceOrientationPortrait UIInterfaceOrientationLandscapeLeft UIInterfaceOrientationLandscapeRight";
				LD_RUNPATH_SEARCH_PATHS = (
					"$(inherited)",
					"@executable_path/Frameworks",
				);
				MARKETING_VERSION = 1.0;
				PRODUCT_BUNDLE_IDENTIFIER = increase.CalculatorApp;
				PRODUCT_NAME = "$(TARGET_NAME)";
				SWIFT_EMIT_LOC_STRINGS = YES;
				SWIFT_VERSION = 5.0;
				TARGETED_DEVICE_FAMILY = "1,2";
			};
			name = Release;
		};
/* End XCBuildConfiguration section */

/* Begin XCConfigurationList section */
		43F1AD9A2BAEE4FE005C1E29 /* Build configuration list for PBXProject "CalculatorApp" */ = {
			isa = XCConfigurationList;
			buildConfigurations = (
				43F1ADAB2BAEE4FF005C1E29 /* Debug */,
				43F1ADAC2BAEE4FF005C1E29 /* Release */,
			);
			defaultConfigurationIsVisible = 0;
			defaultConfigurationName = Release;
		};
		43F1ADAD2BAEE4FF005C1E29 /* Build configuration list for PBXNativeTarget "CalculatorApp" */ = {
			isa = XCConfigurationList;
			buildConfigurations = (
				43F1ADAE2BAEE4FF005C1E29 /* Debug */,
				43F1ADAF2BAEE4FF005C1E29 /* Release */,
			);
			defaultConfigurationIsVisible = 0;
			defaultConfigurationName = Release;
		};
/* End XCConfigurationList section */
	};
	rootObject = 43F1AD972BAEE4FE005C1E29 /* Project object */;
}
